
Microsoft Visual Studio Solution File, Format Version 11.00
# Visual Studio 2010
Project("{F184B08F-C81C-45F6-A57F-5ABD9991F28F}") = "EmailClientes", "EmailClientes\EmailClientes.vbproj", "{C9324119-87DC-4335-B1EF-C79F9D28EC79}"
EndProject
Global
	GlobalSection(SolutionConfigurationPlatforms) = preSolution
		Debug|x86 = Debug|x86
		Release|x86 = Release|x86
	EndGlobalSection
	GlobalSection(ProjectConfigurationPlatforms) = postSolution
		{C9324119-87DC-4335-B1EF-C79F9D28EC79}.Debug|x86.ActiveCfg = Debug|x86
		{C9324119-87DC-4335-B1EF-C79F9D28EC79}.Debug|x86.Build.0 = Debug|x86
		{C9324119-87DC-4335-B1EF-C79F9D28EC79}.Release|x86.ActiveCfg = Release|x86
		{C9324119-87DC-4335-B1EF-C79F9D28EC79}.Release|x86.Build.0 = Release|x86
	EndGlobalSection
	GlobalSection(SolutionProperties) = preSolution
		HideSolutionNode = FALSE
	EndGlobalSection
EndGlobal
