
Microsoft Visual Studio Solution File, Format Version 11.00
# Visual Studio 2010
Project("{F184B08F-C81C-45F6-A57F-5ABD9991F28F}") = "CentroImpresion", "CentroImpresion\CentroImpresion.vbproj", "{239C5C90-B480-4140-A433-8964D0F40340}"
EndProject
Project("{F184B08F-C81C-45F6-A57F-5ABD9991F28F}") = "ProcesoCentroImpresion", "ProcesoCentroImpresion\ProcesoCentroImpresion.vbproj", "{279B481F-ECE9-4A65-961A-EC34E10AC2AC}"
	ProjectSection(ProjectDependencies) = postProject
		{239C5C90-B480-4140-A433-8964D0F40340} = {239C5C90-B480-4140-A433-8964D0F40340}
	EndProjectSection
EndProject
Global
	GlobalSection(SolutionConfigurationPlatforms) = preSolution
		Debug|x86 = Debug|x86
		Release|x86 = Release|x86
	EndGlobalSection
	GlobalSection(ProjectConfigurationPlatforms) = postSolution
		{239C5C90-B480-4140-A433-8964D0F40340}.Debug|x86.ActiveCfg = Debug|x86
		{239C5C90-B480-4140-A433-8964D0F40340}.Debug|x86.Build.0 = Debug|x86
		{239C5C90-B480-4140-A433-8964D0F40340}.Release|x86.ActiveCfg = Release|x86
		{239C5C90-B480-4140-A433-8964D0F40340}.Release|x86.Build.0 = Release|x86
		{279B481F-ECE9-4A65-961A-EC34E10AC2AC}.Debug|x86.ActiveCfg = Debug|x86
		{279B481F-ECE9-4A65-961A-EC34E10AC2AC}.Debug|x86.Build.0 = Debug|x86
		{279B481F-ECE9-4A65-961A-EC34E10AC2AC}.Release|x86.ActiveCfg = Release|x86
		{279B481F-ECE9-4A65-961A-EC34E10AC2AC}.Release|x86.Build.0 = Release|x86
	EndGlobalSection
	GlobalSection(SolutionProperties) = preSolution
		HideSolutionNode = FALSE
	EndGlobalSection
EndGlobal
