
Microsoft Visual Studio Solution File, Format Version 12.00
# Visual Studio 2013
VisualStudioVersion = 12.0.21005.1
MinimumVisualStudioVersion = 10.0.40219.1
Project("{F184B08F-C81C-45F6-A57F-5ABD9991F28F}") = "EvaluacionProvMPFarma", "EvaluacionProvMPFarma\EvaluacionProvMPFarma.vbproj", "{27070567-9E32-498F-83BF-641C853E8ACA}"
EndProject
Project("{F184B08F-C81C-45F6-A57F-5ABD9991F28F}") = "Administracion", "Administracion\Administracion.vbproj", "{D0AB16CA-EAF0-49C9-8319-EA4B24006A9F}"
EndProject
Project("{F184B08F-C81C-45F6-A57F-5ABD9991F28F}") = "Util", "..\Util\Util\Util.vbproj", "{CC5D60FD-9755-4C61-B96C-F56173586BB9}"
EndProject
Global
	GlobalSection(SolutionConfigurationPlatforms) = preSolution
		Debug|Any CPU = Debug|Any CPU
		Debug|Mixed Platforms = Debug|Mixed Platforms
		Debug|x64 = Debug|x64
		Debug|x86 = Debug|x86
		Release|Any CPU = Release|Any CPU
		Release|Mixed Platforms = Release|Mixed Platforms
		Release|x64 = Release|x64
		Release|x86 = Release|x86
	EndGlobalSection
	GlobalSection(ProjectConfigurationPlatforms) = postSolution
		{27070567-9E32-498F-83BF-641C853E8ACA}.Debug|Any CPU.ActiveCfg = Debug|x86
		{27070567-9E32-498F-83BF-641C853E8ACA}.Debug|Mixed Platforms.ActiveCfg = Debug|x86
		{27070567-9E32-498F-83BF-641C853E8ACA}.Debug|Mixed Platforms.Build.0 = Debug|x86
		{27070567-9E32-498F-83BF-641C853E8ACA}.Debug|x64.ActiveCfg = Debug|x86
		{27070567-9E32-498F-83BF-641C853E8ACA}.Debug|x64.Build.0 = Debug|x86
		{27070567-9E32-498F-83BF-641C853E8ACA}.Debug|x86.ActiveCfg = Debug|x86
		{27070567-9E32-498F-83BF-641C853E8ACA}.Debug|x86.Build.0 = Debug|x86
		{27070567-9E32-498F-83BF-641C853E8ACA}.Release|Any CPU.ActiveCfg = Release|x86
		{27070567-9E32-498F-83BF-641C853E8ACA}.Release|Mixed Platforms.ActiveCfg = Release|x86
		{27070567-9E32-498F-83BF-641C853E8ACA}.Release|Mixed Platforms.Build.0 = Release|x86
		{27070567-9E32-498F-83BF-641C853E8ACA}.Release|x64.ActiveCfg = Release|x86
		{27070567-9E32-498F-83BF-641C853E8ACA}.Release|x86.ActiveCfg = Release|x86
		{27070567-9E32-498F-83BF-641C853E8ACA}.Release|x86.Build.0 = Release|x86
		{D0AB16CA-EAF0-49C9-8319-EA4B24006A9F}.Debug|Any CPU.ActiveCfg = Debug|x64
		{D0AB16CA-EAF0-49C9-8319-EA4B24006A9F}.Debug|Mixed Platforms.ActiveCfg = Debug|x86
		{D0AB16CA-EAF0-49C9-8319-EA4B24006A9F}.Debug|Mixed Platforms.Build.0 = Debug|x86
		{D0AB16CA-EAF0-49C9-8319-EA4B24006A9F}.Debug|x64.ActiveCfg = Debug|x64
		{D0AB16CA-EAF0-49C9-8319-EA4B24006A9F}.Debug|x64.Build.0 = Debug|x64
		{D0AB16CA-EAF0-49C9-8319-EA4B24006A9F}.Debug|x86.ActiveCfg = Debug|x86
		{D0AB16CA-EAF0-49C9-8319-EA4B24006A9F}.Debug|x86.Build.0 = Debug|x86
		{D0AB16CA-EAF0-49C9-8319-EA4B24006A9F}.Release|Any CPU.ActiveCfg = Release|x64
		{D0AB16CA-EAF0-49C9-8319-EA4B24006A9F}.Release|Mixed Platforms.ActiveCfg = Release|x64
		{D0AB16CA-EAF0-49C9-8319-EA4B24006A9F}.Release|Mixed Platforms.Build.0 = Release|x64
		{D0AB16CA-EAF0-49C9-8319-EA4B24006A9F}.Release|x64.ActiveCfg = Release|x64
		{D0AB16CA-EAF0-49C9-8319-EA4B24006A9F}.Release|x64.Build.0 = Release|x64
		{D0AB16CA-EAF0-49C9-8319-EA4B24006A9F}.Release|x86.ActiveCfg = Release|x86
		{D0AB16CA-EAF0-49C9-8319-EA4B24006A9F}.Release|x86.Build.0 = Release|x86
		{CC5D60FD-9755-4C61-B96C-F56173586BB9}.Debug|Any CPU.ActiveCfg = Debug|x86
		{CC5D60FD-9755-4C61-B96C-F56173586BB9}.Debug|Mixed Platforms.ActiveCfg = Debug|x86
		{CC5D60FD-9755-4C61-B96C-F56173586BB9}.Debug|Mixed Platforms.Build.0 = Debug|x86
		{CC5D60FD-9755-4C61-B96C-F56173586BB9}.Debug|x64.ActiveCfg = Debug|x86
		{CC5D60FD-9755-4C61-B96C-F56173586BB9}.Debug|x86.ActiveCfg = Debug|x86
		{CC5D60FD-9755-4C61-B96C-F56173586BB9}.Debug|x86.Build.0 = Debug|x86
		{CC5D60FD-9755-4C61-B96C-F56173586BB9}.Release|Any CPU.ActiveCfg = Release|x86
		{CC5D60FD-9755-4C61-B96C-F56173586BB9}.Release|Mixed Platforms.ActiveCfg = Release|x86
		{CC5D60FD-9755-4C61-B96C-F56173586BB9}.Release|Mixed Platforms.Build.0 = Release|x86
		{CC5D60FD-9755-4C61-B96C-F56173586BB9}.Release|x64.ActiveCfg = Release|x86
		{CC5D60FD-9755-4C61-B96C-F56173586BB9}.Release|x86.ActiveCfg = Release|x86
		{CC5D60FD-9755-4C61-B96C-F56173586BB9}.Release|x86.Build.0 = Release|x86
	EndGlobalSection
	GlobalSection(SolutionProperties) = preSolution
		HideSolutionNode = FALSE
	EndGlobalSection
EndGlobal
