
Microsoft Visual Studio Solution File, Format Version 10.00
# Visual Studio 2008
Project("{F184B08F-C81C-45F6-A57F-5ABD9991F28F}") = "LectoraPreparacionPedidos", "LectoraPreparacionPedidos\LectoraPreparacionPedidos.vbproj", "{DF07B851-28FB-48A2-9FD2-E5873DEB318C}"
EndProject
Global
	GlobalSection(SolutionConfigurationPlatforms) = preSolution
		Debug|Any CPU = Debug|Any CPU
		Release|Any CPU = Release|Any CPU
	EndGlobalSection
	GlobalSection(ProjectConfigurationPlatforms) = postSolution
		{DF07B851-28FB-48A2-9FD2-E5873DEB318C}.Debug|Any CPU.ActiveCfg = Debug|Any CPU
		{DF07B851-28FB-48A2-9FD2-E5873DEB318C}.Debug|Any CPU.Build.0 = Debug|Any CPU
		{DF07B851-28FB-48A2-9FD2-E5873DEB318C}.Debug|Any CPU.Deploy.0 = Debug|Any CPU
		{DF07B851-28FB-48A2-9FD2-E5873DEB318C}.Release|Any CPU.ActiveCfg = Release|Any CPU
		{DF07B851-28FB-48A2-9FD2-E5873DEB318C}.Release|Any CPU.Build.0 = Release|Any CPU
		{DF07B851-28FB-48A2-9FD2-E5873DEB318C}.Release|Any CPU.Deploy.0 = Release|Any CPU
	EndGlobalSection
	GlobalSection(SolutionProperties) = preSolution
		HideSolutionNode = FALSE
	EndGlobalSection
EndGlobal
