
Microsoft Visual Studio Solution File, Format Version 12.00
# Visual Studio 2013
VisualStudioVersion = 12.0.21005.1
MinimumVisualStudioVersion = 10.0.40219.1
Project("{F184B08F-C81C-45F6-A57F-5ABD9991F28F}") = "AvisoSoliFondos_PopUp_Alejandro", "AvisoSoliFondos_PopUp_Alejandro\AvisoSoliFondos_PopUp_Alejandro.vbproj", "{E6523112-0302-4E0A-A78D-6DB8234A7E97}"
	ProjectSection(ProjectDependencies) = postProject
		{15E68989-1893-44CB-B220-17AB73B4626C} = {15E68989-1893-44CB-B220-17AB73B4626C}
		{CC5D60FD-9755-4C61-B96C-F56173586BB9} = {CC5D60FD-9755-4C61-B96C-F56173586BB9}
	EndProjectSection
EndProject
Project("{F184B08F-C81C-45F6-A57F-5ABD9991F28F}") = "Util", "..\..\Util\Util\Util.vbproj", "{CC5D60FD-9755-4C61-B96C-F56173586BB9}"
EndProject
Project("{F184B08F-C81C-45F6-A57F-5ABD9991F28F}") = "Sistema_Solicitud_Fondos", "..\..\Sistema Solicitud Fondos\Sistema_Solicitud_Fondos\Sistema_Solicitud_Fondos\Sistema_Solicitud_Fondos.vbproj", "{15E68989-1893-44CB-B220-17AB73B4626C}"
EndProject
Project("{F184B08F-C81C-45F6-A57F-5ABD9991F28F}") = "GestorDeArchivos", "..\..\GestorDeArchivos\GestorDeArchivos\GestorDeArchivos.vbproj", "{1D565298-D39D-47EE-A7D2-3E8ED6E228DE}"
EndProject
Global
	GlobalSection(SolutionConfigurationPlatforms) = preSolution
		Debug|Any CPU = Debug|Any CPU
		Debug|Mixed Platforms = Debug|Mixed Platforms
		Debug|x64 = Debug|x64
		Debug|x86 = Debug|x86
		Release|Any CPU = Release|Any CPU
		Release|Mixed Platforms = Release|Mixed Platforms
		Release|x64 = Release|x64
		Release|x86 = Release|x86
	EndGlobalSection
	GlobalSection(ProjectConfigurationPlatforms) = postSolution
		{E6523112-0302-4E0A-A78D-6DB8234A7E97}.Debug|Any CPU.ActiveCfg = Debug|Any CPU
		{E6523112-0302-4E0A-A78D-6DB8234A7E97}.Debug|Any CPU.Build.0 = Debug|Any CPU
		{E6523112-0302-4E0A-A78D-6DB8234A7E97}.Debug|Mixed Platforms.ActiveCfg = Debug|x86
		{E6523112-0302-4E0A-A78D-6DB8234A7E97}.Debug|Mixed Platforms.Build.0 = Debug|x86
		{E6523112-0302-4E0A-A78D-6DB8234A7E97}.Debug|x64.ActiveCfg = Debug|Any CPU
		{E6523112-0302-4E0A-A78D-6DB8234A7E97}.Debug|x86.ActiveCfg = Debug|Any CPU
		{E6523112-0302-4E0A-A78D-6DB8234A7E97}.Release|Any CPU.ActiveCfg = Release|Any CPU
		{E6523112-0302-4E0A-A78D-6DB8234A7E97}.Release|Any CPU.Build.0 = Release|Any CPU
		{E6523112-0302-4E0A-A78D-6DB8234A7E97}.Release|Mixed Platforms.ActiveCfg = Release|Any CPU
		{E6523112-0302-4E0A-A78D-6DB8234A7E97}.Release|Mixed Platforms.Build.0 = Release|Any CPU
		{E6523112-0302-4E0A-A78D-6DB8234A7E97}.Release|x64.ActiveCfg = Release|Any CPU
		{E6523112-0302-4E0A-A78D-6DB8234A7E97}.Release|x86.ActiveCfg = Release|Any CPU
		{CC5D60FD-9755-4C61-B96C-F56173586BB9}.Debug|Any CPU.ActiveCfg = Debug|x86
		{CC5D60FD-9755-4C61-B96C-F56173586BB9}.Debug|Mixed Platforms.ActiveCfg = Debug|x86
		{CC5D60FD-9755-4C61-B96C-F56173586BB9}.Debug|Mixed Platforms.Build.0 = Debug|x86
		{CC5D60FD-9755-4C61-B96C-F56173586BB9}.Debug|x64.ActiveCfg = Debug|x64
		{CC5D60FD-9755-4C61-B96C-F56173586BB9}.Debug|x64.Build.0 = Debug|x64
		{CC5D60FD-9755-4C61-B96C-F56173586BB9}.Debug|x86.ActiveCfg = Debug|x86
		{CC5D60FD-9755-4C61-B96C-F56173586BB9}.Debug|x86.Build.0 = Debug|x86
		{CC5D60FD-9755-4C61-B96C-F56173586BB9}.Release|Any CPU.ActiveCfg = Release|x86
		{CC5D60FD-9755-4C61-B96C-F56173586BB9}.Release|Mixed Platforms.ActiveCfg = Release|x86
		{CC5D60FD-9755-4C61-B96C-F56173586BB9}.Release|Mixed Platforms.Build.0 = Release|x86
		{CC5D60FD-9755-4C61-B96C-F56173586BB9}.Release|x64.ActiveCfg = Release|x64
		{CC5D60FD-9755-4C61-B96C-F56173586BB9}.Release|x64.Build.0 = Release|x64
		{CC5D60FD-9755-4C61-B96C-F56173586BB9}.Release|x86.ActiveCfg = Release|x86
		{CC5D60FD-9755-4C61-B96C-F56173586BB9}.Release|x86.Build.0 = Release|x86
		{15E68989-1893-44CB-B220-17AB73B4626C}.Debug|Any CPU.ActiveCfg = Debug|Any CPU
		{15E68989-1893-44CB-B220-17AB73B4626C}.Debug|Any CPU.Build.0 = Debug|Any CPU
		{15E68989-1893-44CB-B220-17AB73B4626C}.Debug|Mixed Platforms.ActiveCfg = Debug|x86
		{15E68989-1893-44CB-B220-17AB73B4626C}.Debug|Mixed Platforms.Build.0 = Debug|x86
		{15E68989-1893-44CB-B220-17AB73B4626C}.Debug|x64.ActiveCfg = Debug|Any CPU
		{15E68989-1893-44CB-B220-17AB73B4626C}.Debug|x86.ActiveCfg = Debug|x86
		{15E68989-1893-44CB-B220-17AB73B4626C}.Debug|x86.Build.0 = Debug|x86
		{15E68989-1893-44CB-B220-17AB73B4626C}.Release|Any CPU.ActiveCfg = Release|Any CPU
		{15E68989-1893-44CB-B220-17AB73B4626C}.Release|Any CPU.Build.0 = Release|Any CPU
		{15E68989-1893-44CB-B220-17AB73B4626C}.Release|Mixed Platforms.ActiveCfg = Release|x86
		{15E68989-1893-44CB-B220-17AB73B4626C}.Release|Mixed Platforms.Build.0 = Release|x86
		{15E68989-1893-44CB-B220-17AB73B4626C}.Release|x64.ActiveCfg = Release|Any CPU
		{15E68989-1893-44CB-B220-17AB73B4626C}.Release|x86.ActiveCfg = Release|x86
		{15E68989-1893-44CB-B220-17AB73B4626C}.Release|x86.Build.0 = Release|x86
		{1D565298-D39D-47EE-A7D2-3E8ED6E228DE}.Debug|Any CPU.ActiveCfg = Debug|Any CPU
		{1D565298-D39D-47EE-A7D2-3E8ED6E228DE}.Debug|Any CPU.Build.0 = Debug|Any CPU
		{1D565298-D39D-47EE-A7D2-3E8ED6E228DE}.Debug|Mixed Platforms.ActiveCfg = Debug|x86
		{1D565298-D39D-47EE-A7D2-3E8ED6E228DE}.Debug|Mixed Platforms.Build.0 = Debug|x86
		{1D565298-D39D-47EE-A7D2-3E8ED6E228DE}.Debug|x64.ActiveCfg = Debug|Any CPU
		{1D565298-D39D-47EE-A7D2-3E8ED6E228DE}.Debug|x86.ActiveCfg = Debug|x86
		{1D565298-D39D-47EE-A7D2-3E8ED6E228DE}.Debug|x86.Build.0 = Debug|x86
		{1D565298-D39D-47EE-A7D2-3E8ED6E228DE}.Release|Any CPU.ActiveCfg = Release|Any CPU
		{1D565298-D39D-47EE-A7D2-3E8ED6E228DE}.Release|Any CPU.Build.0 = Release|Any CPU
		{1D565298-D39D-47EE-A7D2-3E8ED6E228DE}.Release|Mixed Platforms.ActiveCfg = Release|x86
		{1D565298-D39D-47EE-A7D2-3E8ED6E228DE}.Release|Mixed Platforms.Build.0 = Release|x86
		{1D565298-D39D-47EE-A7D2-3E8ED6E228DE}.Release|x64.ActiveCfg = Release|Any CPU
		{1D565298-D39D-47EE-A7D2-3E8ED6E228DE}.Release|x86.ActiveCfg = Release|x86
		{1D565298-D39D-47EE-A7D2-3E8ED6E228DE}.Release|x86.Build.0 = Release|x86
	EndGlobalSection
	GlobalSection(SolutionProperties) = preSolution
		HideSolutionNode = FALSE
	EndGlobalSection
EndGlobal
